{
  "name": "portfolio",
  "version": "1.0.0",
  "lockfileVersion": 1,
  "requires": true,
  "dependencies": {
    "object-assign": {
      "version": "4.1.1",
      "resolved": "https://registry.npmjs.org/object-assign/-/object-assign-4.1.1.tgz",
      "integrity": "sha1-IQmtx5ZYh8/AXLvUQsrIv7s2CGM="
    },
    "octicons": {
      "version": "7.0.1",
      "resolved": "https://registry.npmjs.org/octicons/-/octicons-7.0.1.tgz",
      "integrity": "sha512-GGE+DQS0Htf1FQa9/PEuravY8b5t1o8Iby5/4Ij/s3DtqAzv3qXYaWn6W0w3jZoEvJmnruEeBJD0XjmC/T9H8Q==",
      "requires": {
        "object-assign": "^4.1.1"
      }
    }
  }
}
